
Microsoft Visual Studio Solution File, Format Version 12.00
# Visual Studio Version 17
VisualStudioVersion = 17.11.35303.130
MinimumVisualStudioVersion = 10.0.40219.1
Project("{FAE04EC0-301F-11D3-BF4B-00C04F79EFBC}") = "RickAndMortyAPI", "RickAndMortyAPI.csproj", "{45689C7A-28A7-42D0-96ED-E9AD8113091F}"
EndProject
Project("{FAE04EC0-301F-11D3-BF4B-00C04F79EFBC}") = "RickAndMortyAPI.E2ETests", "RickAndMortyAPI.E2ETests\RickAndMortyAPI.E2ETests.csproj", "{D74F34F2-D486-4558-84B1-ECB59BB141D7}"
EndProject
Global
	GlobalSection(SolutionConfigurationPlatforms) = preSolution
		Debug|Any CPU = Debug|Any CPU
		Debug|x64 = Debug|x64
		Debug|x86 = Debug|x86
		Release|Any CPU = Release|Any CPU
		Release|x64 = Release|x64
		Release|x86 = Release|x86
	EndGlobalSection
	GlobalSection(ProjectConfigurationPlatforms) = postSolution
		{45689C7A-28A7-42D0-96ED-E9AD8113091F}.Debug|Any CPU.ActiveCfg = Debug|Any CPU
		{45689C7A-28A7-42D0-96ED-E9AD8113091F}.Debug|Any CPU.Build.0 = Debug|Any CPU
		{45689C7A-28A7-42D0-96ED-E9AD8113091F}.Debug|x64.ActiveCfg = Debug|Any CPU
		{45689C7A-28A7-42D0-96ED-E9AD8113091F}.Debug|x64.Build.0 = Debug|Any CPU
		{45689C7A-28A7-42D0-96ED-E9AD8113091F}.Debug|x86.ActiveCfg = Debug|Any CPU
		{45689C7A-28A7-42D0-96ED-E9AD8113091F}.Debug|x86.Build.0 = Debug|Any CPU
		{45689C7A-28A7-42D0-96ED-E9AD8113091F}.Release|Any CPU.ActiveCfg = Release|Any CPU
		{45689C7A-28A7-42D0-96ED-E9AD8113091F}.Release|Any CPU.Build.0 = Release|Any CPU
		{45689C7A-28A7-42D0-96ED-E9AD8113091F}.Release|x64.ActiveCfg = Release|Any CPU
		{45689C7A-28A7-42D0-96ED-E9AD8113091F}.Release|x64.Build.0 = Release|Any CPU
		{45689C7A-28A7-42D0-96ED-E9AD8113091F}.Release|x86.ActiveCfg = Release|Any CPU
		{45689C7A-28A7-42D0-96ED-E9AD8113091F}.Release|x86.Build.0 = Release|Any CPU
		{D74F34F2-D486-4558-84B1-ECB59BB141D7}.Debug|Any CPU.ActiveCfg = Debug|Any CPU
		{D74F34F2-D486-4558-84B1-ECB59BB141D7}.Debug|Any CPU.Build.0 = Debug|Any CPU
		{D74F34F2-D486-4558-84B1-ECB59BB141D7}.Debug|x64.ActiveCfg = Debug|Any CPU
		{D74F34F2-D486-4558-84B1-ECB59BB141D7}.Debug|x64.Build.0 = Debug|Any CPU
		{D74F34F2-D486-4558-84B1-ECB59BB141D7}.Debug|x86.ActiveCfg = Debug|Any CPU
		{D74F34F2-D486-4558-84B1-ECB59BB141D7}.Debug|x86.Build.0 = Debug|Any CPU
		{D74F34F2-D486-4558-84B1-ECB59BB141D7}.Release|Any CPU.ActiveCfg = Release|Any CPU
		{D74F34F2-D486-4558-84B1-ECB59BB141D7}.Release|Any CPU.Build.0 = Release|Any CPU
		{D74F34F2-D486-4558-84B1-ECB59BB141D7}.Release|x64.ActiveCfg = Release|Any CPU
		{D74F34F2-D486-4558-84B1-ECB59BB141D7}.Release|x64.Build.0 = Release|Any CPU
		{D74F34F2-D486-4558-84B1-ECB59BB141D7}.Release|x86.ActiveCfg = Release|Any CPU
		{D74F34F2-D486-4558-84B1-ECB59BB141D7}.Release|x86.Build.0 = Release|Any CPU
	EndGlobalSection
	GlobalSection(SolutionProperties) = preSolution
		HideSolutionNode = FALSE
	EndGlobalSection
	GlobalSection(ExtensibilityGlobals) = postSolution
		SolutionGuid = {32A9F57F-83D6-4DC7-BE29-835EA1AD59AD}
	EndGlobalSection
EndGlobal
